
Microsoft Visual Studio Solution File, Format Version 12.00
# Visual Studio Version 16
VisualStudioVersion = 16.0.28803.352
MinimumVisualStudioVersion = 10.0.40219.1
Project("{FAE04EC0-301F-11D3-BF4B-00C04F79EFBC}") = "Koelkast", "Koelkast\Koelkast.csproj", "{3C396E6E-DECA-4556-B85E-134A513F0379}"
EndProject
Global
	GlobalSection(SolutionConfigurationPlatforms) = preSolution
		Debug|Any CPU = Debug|Any CPU
		Release|Any CPU = Release|Any CPU
	EndGlobalSection
	GlobalSection(ProjectConfigurationPlatforms) = postSolution
		{3C396E6E-DECA-4556-B85E-134A513F0379}.Debug|Any CPU.ActiveCfg = Debug|Any CPU
		{3C396E6E-DECA-4556-B85E-134A513F0379}.Debug|Any CPU.Build.0 = Debug|Any CPU
		{3C396E6E-DECA-4556-B85E-134A513F0379}.Release|Any CPU.ActiveCfg = Release|Any CPU
		{3C396E6E-DECA-4556-B85E-134A513F0379}.Release|Any CPU.Build.0 = Release|Any CPU
	EndGlobalSection
	GlobalSection(SolutionProperties) = preSolution
		HideSolutionNode = FALSE
	EndGlobalSection
	GlobalSection(ExtensibilityGlobals) = postSolution
		SolutionGuid = {D9FF2D89-ABA7-4411-9C4D-C93C9770E223}
	EndGlobalSection
EndGlobal
